
Microsoft Visual Studio Solution File, Format Version 12.00
# Visual Studio Version 17
VisualStudioVersion = 17.0.31410.414
MinimumVisualStudioVersion = 10.0.40219.1
Project("{9A19103F-16F7-4668-BE54-9A1E7A4F7556}") = "Nabs", "Nabs\Nabs.csproj", "{B5D23019-2696-42AF-95FF-C355D4066CCF}"
EndProject
Project("{2150E333-8FDC-42A3-9474-1A3956D46DE8}") = "Tests", "Tests", "{BA217827-098B-4118-83B0-70F653CDBDCD}"
EndProject
Project("{9A19103F-16F7-4668-BE54-9A1E7A4F7556}") = "Nabs.Tests.NabsUnitTests", "Tests\Nabs.Tests.NabsUnitTests\Nabs.Tests.NabsUnitTests.csproj", "{9AD858A4-374D-44BE-910A-CE9E2C46A791}"
EndProject
Project("{9A19103F-16F7-4668-BE54-9A1E7A4F7556}") = "Nabs.Tests", "Nabs.Tests\Nabs.Tests.csproj", "{F4A554DF-E484-4BC1-99FB-7AEA7FFFE23F}"
EndProject
Project("{9A19103F-16F7-4668-BE54-9A1E7A4F7556}") = "Nabs.Secrets", "Nabs.Secrets\Nabs.Secrets.csproj", "{D509A5ED-3A72-425C-AC53-CA3BA386E263}"
EndProject
Project("{9A19103F-16F7-4668-BE54-9A1E7A4F7556}") = "Nabs.AzureConfiguration", "Nabs.AzureConfiguration\Nabs.AzureConfiguration.csproj", "{E4BA855F-CF05-4191-B240-12FA3E68E2A3}"
EndProject
Project("{9A19103F-16F7-4668-BE54-9A1E7A4F7556}") = "Nabs.Tests.AzureConfigurationTests", "Tests\Nabs.Tests.AzureConfigurationTests\Nabs.Tests.AzureConfigurationTests.csproj", "{1068E27B-5995-4622-A702-FFAC7B072F20}"
EndProject
Project("{9A19103F-16F7-4668-BE54-9A1E7A4F7556}") = "Nabs.Tests.TestsTests", "Tests\Nabs.Tests.TestsTests\Nabs.Tests.TestsTests.csproj", "{8F80F67F-EB7E-4993-8B5C-6A139B419575}"
EndProject
Project("{2150E333-8FDC-42A3-9474-1A3956D46DE8}") = "Configuration", "Configuration", "{A4BF6906-CD5C-418D-9AB3-E4CC6589FC0A}"
EndProject
Project("{9A19103F-16F7-4668-BE54-9A1E7A4F7556}") = "Nabs.Resources", "Nabs.Resources\Nabs.Resources.csproj", "{4976201B-F5C9-444E-9DC0-A90FBCE683F7}"
EndProject
Project("{9A19103F-16F7-4668-BE54-9A1E7A4F7556}") = "Nabs.Linq", "Nabs.Linq\Nabs.Linq.csproj", "{23A3F9D1-66BA-4778-811D-E57007664DDC}"
EndProject
Project("{2150E333-8FDC-42A3-9474-1A3956D46DE8}") = "OpenAi", "OpenAi", "{FA0EF1BA-8273-4376-84AB-E995208318A5}"
EndProject
Project("{9A19103F-16F7-4668-BE54-9A1E7A4F7556}") = "Nabs.OpenAi", "OpenAi\Nabs.OpenAi\Nabs.OpenAi.csproj", "{11FD4731-CC4F-4CFA-87A3-B29499A59348}"
EndProject
Project("{2150E333-8FDC-42A3-9474-1A3956D46DE8}") = "Tests", "Tests", "{992DADE0-57C1-4E4D-9481-1B7670419993}"
EndProject
Project("{9A19103F-16F7-4668-BE54-9A1E7A4F7556}") = "Nabs.Tests.OpenAiTests", "OpenAi\Tests\Nabs.Tests.OpenAiTests\Nabs.Tests.OpenAiTests.csproj", "{B39CD065-5E76-4BC9-A549-092368942863}"
EndProject
Project("{9A19103F-16F7-4668-BE54-9A1E7A4F7556}") = "Nabs.Tests.ResourcesUnitTests", "Tests\Nabs.Tests.ResourcesUnitTests\Nabs.Tests.ResourcesUnitTests.csproj", "{0ED73316-96EA-4762-BCB8-E840C56D2CD0}"
EndProject
Project("{2150E333-8FDC-42A3-9474-1A3956D46DE8}") = "SolutionItems", "SolutionItems", "{96B933C3-A33F-45D2-968E-DBA103632A49}"
	ProjectSection(SolutionItems) = preProject
		.editorconfig = .editorconfig
		..\.gitignore = ..\.gitignore
		..\build.ps1 = ..\build.ps1
		..\.github\workflows\build.yml = ..\.github\workflows\build.yml
		coverlet.runsettings = coverlet.runsettings
		..\props\Directory.Build.props = ..\props\Directory.Build.props
		Directory.Packages.props = Directory.Packages.props
		nuget.config = nuget.config
		..\props\NuGet.props = ..\props\NuGet.props
	EndProjectSection
EndProject
Project("{9A19103F-16F7-4668-BE54-9A1E7A4F7556}") = "Nabs.Scenarios", "Nabs.Scenarios\Nabs.Scenarios.csproj", "{AA254BFB-CE73-4522-A111-3448873B4B33}"
EndProject
Project("{9A19103F-16F7-4668-BE54-9A1E7A4F7556}") = "Nabs.Identity.Web", "Nabs.Identity.Web\Nabs.Identity.Web.csproj", "{E45E9E89-3677-4CDA-BA37-50121DBD68D2}"
EndProject
Project("{9A19103F-16F7-4668-BE54-9A1E7A4F7556}") = "Nabs.Reflection", "Nabs.Reflection\Nabs.Reflection.csproj", "{811E29EC-FF1C-460B-A5CD-2C4714439DD8}"
EndProject
Project("{9A19103F-16F7-4668-BE54-9A1E7A4F7556}") = "Nabs.Serialisation", "Nabs.Serialisation\Nabs.Serialisation.csproj", "{80EB2550-35F3-47BE-A433-31548A16BEC4}"
EndProject
Project("{9A19103F-16F7-4668-BE54-9A1E7A4F7556}") = "Nabs.Tests.SerialisationUnitTests", "Tests\Nabs.Tests.SerialisationUnitTests\Nabs.Tests.SerialisationUnitTests.csproj", "{DFBB879E-1715-4B94-AA16-B4B26EBD061A}"
EndProject
Project("{9A19103F-16F7-4668-BE54-9A1E7A4F7556}") = "Nabs.Tests.ReflectionUnitTests", "Tests\Nabs.Tests.ReflectionUnitTests\Nabs.Tests.ReflectionUnitTests.csproj", "{31403F24-B3D1-4ED9-852C-FC1DEAF8B98D}"
EndProject
Project("{9A19103F-16F7-4668-BE54-9A1E7A4F7556}") = "Nabs.Tests.ScenariosUnitTests", "Tests\Nabs.Tests.ScenariosUnitTests\Nabs.Tests.ScenariosUnitTests.csproj", "{87702443-B6B6-4B57-97A2-0A362A4B69EF}"
EndProject
Project("{9A19103F-16F7-4668-BE54-9A1E7A4F7556}") = "Nabs.Tests.DatabaseTests", "Nabs.Tests.DatabaseTests\Nabs.Tests.DatabaseTests.csproj", "{CF793D8F-5BAC-4B34-9A25-16A607160E7A}"
EndProject
Project("{9A19103F-16F7-4668-BE54-9A1E7A4F7556}") = "Nabs.Tests.TestDatabaseTests", "Tests\Nabs.Tests.TestDatabaseTests\Nabs.Tests.TestDatabaseTests.csproj", "{6B01CCF0-7A9D-4999-9DF4-BAF5891B6A35}"
EndProject
Project("{9A19103F-16F7-4668-BE54-9A1E7A4F7556}") = "Nabs.Persistence", "Nabs.Persistence\Nabs.Persistence.csproj", "{72C47982-3225-4B08-8A23-3C26B8DF5B64}"
EndProject
Global
	GlobalSection(SolutionConfigurationPlatforms) = preSolution
		Debug|Any CPU = Debug|Any CPU
		Release|Any CPU = Release|Any CPU
	EndGlobalSection
	GlobalSection(ProjectConfigurationPlatforms) = postSolution
		{B5D23019-2696-42AF-95FF-C355D4066CCF}.Debug|Any CPU.ActiveCfg = Debug|Any CPU
		{B5D23019-2696-42AF-95FF-C355D4066CCF}.Debug|Any CPU.Build.0 = Debug|Any CPU
		{B5D23019-2696-42AF-95FF-C355D4066CCF}.Release|Any CPU.ActiveCfg = Release|Any CPU
		{B5D23019-2696-42AF-95FF-C355D4066CCF}.Release|Any CPU.Build.0 = Release|Any CPU
		{9AD858A4-374D-44BE-910A-CE9E2C46A791}.Debug|Any CPU.ActiveCfg = Debug|Any CPU
		{9AD858A4-374D-44BE-910A-CE9E2C46A791}.Debug|Any CPU.Build.0 = Debug|Any CPU
		{9AD858A4-374D-44BE-910A-CE9E2C46A791}.Release|Any CPU.ActiveCfg = Release|Any CPU
		{9AD858A4-374D-44BE-910A-CE9E2C46A791}.Release|Any CPU.Build.0 = Release|Any CPU
		{F4A554DF-E484-4BC1-99FB-7AEA7FFFE23F}.Debug|Any CPU.ActiveCfg = Debug|Any CPU
		{F4A554DF-E484-4BC1-99FB-7AEA7FFFE23F}.Debug|Any CPU.Build.0 = Debug|Any CPU
		{F4A554DF-E484-4BC1-99FB-7AEA7FFFE23F}.Release|Any CPU.ActiveCfg = Release|Any CPU
		{F4A554DF-E484-4BC1-99FB-7AEA7FFFE23F}.Release|Any CPU.Build.0 = Release|Any CPU
		{D509A5ED-3A72-425C-AC53-CA3BA386E263}.Debug|Any CPU.ActiveCfg = Debug|Any CPU
		{D509A5ED-3A72-425C-AC53-CA3BA386E263}.Debug|Any CPU.Build.0 = Debug|Any CPU
		{D509A5ED-3A72-425C-AC53-CA3BA386E263}.Release|Any CPU.ActiveCfg = Release|Any CPU
		{D509A5ED-3A72-425C-AC53-CA3BA386E263}.Release|Any CPU.Build.0 = Release|Any CPU
		{E4BA855F-CF05-4191-B240-12FA3E68E2A3}.Debug|Any CPU.ActiveCfg = Debug|Any CPU
		{E4BA855F-CF05-4191-B240-12FA3E68E2A3}.Debug|Any CPU.Build.0 = Debug|Any CPU
		{E4BA855F-CF05-4191-B240-12FA3E68E2A3}.Release|Any CPU.ActiveCfg = Release|Any CPU
		{E4BA855F-CF05-4191-B240-12FA3E68E2A3}.Release|Any CPU.Build.0 = Release|Any CPU
		{1068E27B-5995-4622-A702-FFAC7B072F20}.Debug|Any CPU.ActiveCfg = Debug|Any CPU
		{1068E27B-5995-4622-A702-FFAC7B072F20}.Debug|Any CPU.Build.0 = Debug|Any CPU
		{1068E27B-5995-4622-A702-FFAC7B072F20}.Release|Any CPU.ActiveCfg = Release|Any CPU
		{1068E27B-5995-4622-A702-FFAC7B072F20}.Release|Any CPU.Build.0 = Release|Any CPU
		{8F80F67F-EB7E-4993-8B5C-6A139B419575}.Debug|Any CPU.ActiveCfg = Debug|Any CPU
		{8F80F67F-EB7E-4993-8B5C-6A139B419575}.Debug|Any CPU.Build.0 = Debug|Any CPU
		{8F80F67F-EB7E-4993-8B5C-6A139B419575}.Release|Any CPU.ActiveCfg = Release|Any CPU
		{8F80F67F-EB7E-4993-8B5C-6A139B419575}.Release|Any CPU.Build.0 = Release|Any CPU
		{4976201B-F5C9-444E-9DC0-A90FBCE683F7}.Debug|Any CPU.ActiveCfg = Debug|Any CPU
		{4976201B-F5C9-444E-9DC0-A90FBCE683F7}.Debug|Any CPU.Build.0 = Debug|Any CPU
		{4976201B-F5C9-444E-9DC0-A90FBCE683F7}.Release|Any CPU.ActiveCfg = Release|Any CPU
		{4976201B-F5C9-444E-9DC0-A90FBCE683F7}.Release|Any CPU.Build.0 = Release|Any CPU
		{23A3F9D1-66BA-4778-811D-E57007664DDC}.Debug|Any CPU.ActiveCfg = Debug|Any CPU
		{23A3F9D1-66BA-4778-811D-E57007664DDC}.Debug|Any CPU.Build.0 = Debug|Any CPU
		{23A3F9D1-66BA-4778-811D-E57007664DDC}.Release|Any CPU.ActiveCfg = Release|Any CPU
		{23A3F9D1-66BA-4778-811D-E57007664DDC}.Release|Any CPU.Build.0 = Release|Any CPU
		{11FD4731-CC4F-4CFA-87A3-B29499A59348}.Debug|Any CPU.ActiveCfg = Debug|Any CPU
		{11FD4731-CC4F-4CFA-87A3-B29499A59348}.Debug|Any CPU.Build.0 = Debug|Any CPU
		{11FD4731-CC4F-4CFA-87A3-B29499A59348}.Release|Any CPU.ActiveCfg = Release|Any CPU
		{11FD4731-CC4F-4CFA-87A3-B29499A59348}.Release|Any CPU.Build.0 = Release|Any CPU
		{B39CD065-5E76-4BC9-A549-092368942863}.Debug|Any CPU.ActiveCfg = Debug|Any CPU
		{B39CD065-5E76-4BC9-A549-092368942863}.Debug|Any CPU.Build.0 = Debug|Any CPU
		{B39CD065-5E76-4BC9-A549-092368942863}.Release|Any CPU.ActiveCfg = Release|Any CPU
		{B39CD065-5E76-4BC9-A549-092368942863}.Release|Any CPU.Build.0 = Release|Any CPU
		{0ED73316-96EA-4762-BCB8-E840C56D2CD0}.Debug|Any CPU.ActiveCfg = Debug|Any CPU
		{0ED73316-96EA-4762-BCB8-E840C56D2CD0}.Debug|Any CPU.Build.0 = Debug|Any CPU
		{0ED73316-96EA-4762-BCB8-E840C56D2CD0}.Release|Any CPU.ActiveCfg = Release|Any CPU
		{0ED73316-96EA-4762-BCB8-E840C56D2CD0}.Release|Any CPU.Build.0 = Release|Any CPU
		{AA254BFB-CE73-4522-A111-3448873B4B33}.Debug|Any CPU.ActiveCfg = Debug|Any CPU
		{AA254BFB-CE73-4522-A111-3448873B4B33}.Debug|Any CPU.Build.0 = Debug|Any CPU
		{AA254BFB-CE73-4522-A111-3448873B4B33}.Release|Any CPU.ActiveCfg = Release|Any CPU
		{AA254BFB-CE73-4522-A111-3448873B4B33}.Release|Any CPU.Build.0 = Release|Any CPU
		{E45E9E89-3677-4CDA-BA37-50121DBD68D2}.Debug|Any CPU.ActiveCfg = Debug|Any CPU
		{E45E9E89-3677-4CDA-BA37-50121DBD68D2}.Debug|Any CPU.Build.0 = Debug|Any CPU
		{E45E9E89-3677-4CDA-BA37-50121DBD68D2}.Release|Any CPU.ActiveCfg = Release|Any CPU
		{E45E9E89-3677-4CDA-BA37-50121DBD68D2}.Release|Any CPU.Build.0 = Release|Any CPU
		{811E29EC-FF1C-460B-A5CD-2C4714439DD8}.Debug|Any CPU.ActiveCfg = Debug|Any CPU
		{811E29EC-FF1C-460B-A5CD-2C4714439DD8}.Debug|Any CPU.Build.0 = Debug|Any CPU
		{811E29EC-FF1C-460B-A5CD-2C4714439DD8}.Release|Any CPU.ActiveCfg = Release|Any CPU
		{811E29EC-FF1C-460B-A5CD-2C4714439DD8}.Release|Any CPU.Build.0 = Release|Any CPU
		{80EB2550-35F3-47BE-A433-31548A16BEC4}.Debug|Any CPU.ActiveCfg = Debug|Any CPU
		{80EB2550-35F3-47BE-A433-31548A16BEC4}.Debug|Any CPU.Build.0 = Debug|Any CPU
		{80EB2550-35F3-47BE-A433-31548A16BEC4}.Release|Any CPU.ActiveCfg = Release|Any CPU
		{80EB2550-35F3-47BE-A433-31548A16BEC4}.Release|Any CPU.Build.0 = Release|Any CPU
		{DFBB879E-1715-4B94-AA16-B4B26EBD061A}.Debug|Any CPU.ActiveCfg = Debug|Any CPU
		{DFBB879E-1715-4B94-AA16-B4B26EBD061A}.Debug|Any CPU.Build.0 = Debug|Any CPU
		{DFBB879E-1715-4B94-AA16-B4B26EBD061A}.Release|Any CPU.ActiveCfg = Release|Any CPU
		{DFBB879E-1715-4B94-AA16-B4B26EBD061A}.Release|Any CPU.Build.0 = Release|Any CPU
		{31403F24-B3D1-4ED9-852C-FC1DEAF8B98D}.Debug|Any CPU.ActiveCfg = Debug|Any CPU
		{31403F24-B3D1-4ED9-852C-FC1DEAF8B98D}.Debug|Any CPU.Build.0 = Debug|Any CPU
		{31403F24-B3D1-4ED9-852C-FC1DEAF8B98D}.Release|Any CPU.ActiveCfg = Release|Any CPU
		{31403F24-B3D1-4ED9-852C-FC1DEAF8B98D}.Release|Any CPU.Build.0 = Release|Any CPU
		{87702443-B6B6-4B57-97A2-0A362A4B69EF}.Debug|Any CPU.ActiveCfg = Debug|Any CPU
		{87702443-B6B6-4B57-97A2-0A362A4B69EF}.Debug|Any CPU.Build.0 = Debug|Any CPU
		{87702443-B6B6-4B57-97A2-0A362A4B69EF}.Release|Any CPU.ActiveCfg = Release|Any CPU
		{87702443-B6B6-4B57-97A2-0A362A4B69EF}.Release|Any CPU.Build.0 = Release|Any CPU
		{CF793D8F-5BAC-4B34-9A25-16A607160E7A}.Debug|Any CPU.ActiveCfg = Debug|Any CPU
		{CF793D8F-5BAC-4B34-9A25-16A607160E7A}.Debug|Any CPU.Build.0 = Debug|Any CPU
		{CF793D8F-5BAC-4B34-9A25-16A607160E7A}.Release|Any CPU.ActiveCfg = Release|Any CPU
		{CF793D8F-5BAC-4B34-9A25-16A607160E7A}.Release|Any CPU.Build.0 = Release|Any CPU
		{6B01CCF0-7A9D-4999-9DF4-BAF5891B6A35}.Debug|Any CPU.ActiveCfg = Debug|Any CPU
		{6B01CCF0-7A9D-4999-9DF4-BAF5891B6A35}.Debug|Any CPU.Build.0 = Debug|Any CPU
		{6B01CCF0-7A9D-4999-9DF4-BAF5891B6A35}.Release|Any CPU.ActiveCfg = Release|Any CPU
		{6B01CCF0-7A9D-4999-9DF4-BAF5891B6A35}.Release|Any CPU.Build.0 = Release|Any CPU
		{72C47982-3225-4B08-8A23-3C26B8DF5B64}.Debug|Any CPU.ActiveCfg = Debug|Any CPU
		{72C47982-3225-4B08-8A23-3C26B8DF5B64}.Debug|Any CPU.Build.0 = Debug|Any CPU
		{72C47982-3225-4B08-8A23-3C26B8DF5B64}.Release|Any CPU.ActiveCfg = Release|Any CPU
		{72C47982-3225-4B08-8A23-3C26B8DF5B64}.Release|Any CPU.Build.0 = Release|Any CPU
	EndGlobalSection
	GlobalSection(SolutionProperties) = preSolution
		HideSolutionNode = FALSE
	EndGlobalSection
	GlobalSection(NestedProjects) = preSolution
		{9AD858A4-374D-44BE-910A-CE9E2C46A791} = {BA217827-098B-4118-83B0-70F653CDBDCD}
		{1068E27B-5995-4622-A702-FFAC7B072F20} = {BA217827-098B-4118-83B0-70F653CDBDCD}
		{8F80F67F-EB7E-4993-8B5C-6A139B419575} = {BA217827-098B-4118-83B0-70F653CDBDCD}
		{11FD4731-CC4F-4CFA-87A3-B29499A59348} = {FA0EF1BA-8273-4376-84AB-E995208318A5}
		{992DADE0-57C1-4E4D-9481-1B7670419993} = {FA0EF1BA-8273-4376-84AB-E995208318A5}
		{B39CD065-5E76-4BC9-A549-092368942863} = {992DADE0-57C1-4E4D-9481-1B7670419993}
		{0ED73316-96EA-4762-BCB8-E840C56D2CD0} = {BA217827-098B-4118-83B0-70F653CDBDCD}
		{DFBB879E-1715-4B94-AA16-B4B26EBD061A} = {BA217827-098B-4118-83B0-70F653CDBDCD}
		{31403F24-B3D1-4ED9-852C-FC1DEAF8B98D} = {BA217827-098B-4118-83B0-70F653CDBDCD}
		{87702443-B6B6-4B57-97A2-0A362A4B69EF} = {BA217827-098B-4118-83B0-70F653CDBDCD}
		{6B01CCF0-7A9D-4999-9DF4-BAF5891B6A35} = {BA217827-098B-4118-83B0-70F653CDBDCD}
	EndGlobalSection
	GlobalSection(ExtensibilityGlobals) = postSolution
		SolutionGuid = {DF8489AD-3118-4EB9-B3A7-B0383F2146B3}
	EndGlobalSection
EndGlobal
